// !$*UTF8*$!
{
	archiveVersion = 1;
	classes = {
	};
	objectVersion = 55;
	objects = {

/* Begin PBXBuildFile section */
		47C9DD3927FF233900DC8633 /* UI_536App.swift in Sources */ = {isa = PBXBuildFile; fileRef = 47C9DD3827FF233900DC8633 /* UI_536App.swift */; };
		47C9DD3B27FF233900DC8633 /* ContentView.swift in Sources */ = {isa = PBXBuildFile; fileRef = 47C9DD3A27FF233900DC8633 /* ContentView.swift */; };
		47C9DD3D27FF233B00DC8633 /* Assets.xcassets in Resources */ = {isa = PBXBuildFile; fileRef = 47C9DD3C27FF233B00DC8633 /* Assets.xcassets */; };
		47C9DD4027FF233B00DC8633 /* Preview Assets.xcassets in Resources */ = {isa = PBXBuildFile; fileRef = 47C9DD3F27FF233B00DC8633 /* Preview Assets.xcassets */; };
		47C9DD4A27FF233B00DC8633 /* UI_536Tests.swift in Sources */ = {isa = PBXBuildFile; fileRef = 47C9DD4927FF233B00DC8633 /* UI_536Tests.swift */; };
		47C9DD5427FF233B00DC8633 /* UI_536UITests.swift in Sources */ = {isa = PBXBuildFile; fileRef = 47C9DD5327FF233B00DC8633 /* UI_536UITests.swift */; };
		47C9DD5627FF233B00DC8633 /* UI_536UITestsLaunchTests.swift in Sources */ = {isa = PBXBuildFile; fileRef = 47C9DD5527FF233B00DC8633 /* UI_536UITestsLaunchTests.swift */; };
		47C9DD6427FF24B900DC8633 /* Trip.swift in Sources */ = {isa = PBXBuildFile; fileRef = 47C9DD6327FF24B900DC8633 /* Trip.swift */; };
		47C9DD6727FF24CB00DC8633 /* Home.swift in Sources */ = {isa = PBXBuildFile; fileRef = 47C9DD6627FF24CB00DC8633 /* Home.swift */; };
/* End PBXBuildFile section */

/* Begin PBXContainerItemProxy section */
		47C9DD4627FF233B00DC8633 /* PBXContainerItemProxy */ = {
			isa = PBXContainerItemProxy;
			containerPortal = 47C9DD2D27FF233900DC8633 /* Project object */;
			proxyType = 1;
			remoteGlobalIDString = 47C9DD3427FF233900DC8633;
			remoteInfo = "UI-536";
		};
		47C9DD5027FF233B00DC8633 /* PBXContainerItemProxy */ = {
			isa = PBXContainerItemProxy;
			containerPortal = 47C9DD2D27FF233900DC8633 /* Project object */;
			proxyType = 1;
			remoteGlobalIDString = 47C9DD3427FF233900DC8633;
			remoteInfo = "UI-536";
		};
/* End PBXContainerItemProxy section */

/* Begin PBXFileReference section */
		47C9DD3527FF233900DC8633 /* UI-536.app */ = {isa = PBXFileReference; explicitFileType = wrapper.application; includeInIndex = 0; path = "UI-536.app"; sourceTree = BUILT_PRODUCTS_DIR; };
		47C9DD3827FF233900DC8633 /* UI_536App.swift */ = {isa = PBXFileReference; lastKnownFileType = sourcecode.swift; path = UI_536App.swift; sourceTree = "<group>"; };
		47C9DD3A27FF233900DC8633 /* ContentView.swift */ = {isa = PBXFileReference; lastKnownFileType = sourcecode.swift; path = ContentView.swift; sourceTree = "<group>"; };
		47C9DD3C27FF233B00DC8633 /* Assets.xcassets */ = {isa = PBXFileReference; lastKnownFileType = folder.assetcatalog; path = Assets.xcassets; sourceTree = "<group>"; };
		47C9DD3F27FF233B00DC8633 /* Preview Assets.xcassets */ = {isa = PBXFileReference; lastKnownFileType = folder.assetcatalog; path = "Preview Assets.xcassets"; sourceTree = "<group>"; };
		47C9DD4527FF233B00DC8633 /* UI-536Tests.xctest */ = {isa = PBXFileReference; explicitFileType = wrapper.cfbundle; includeInIndex = 0; path = "UI-536Tests.xctest"; sourceTree = BUILT_PRODUCTS_DIR; };
		47C9DD4927FF233B00DC8633 /* UI_536Tests.swift */ = {isa = PBXFileReference; lastKnownFileType = sourcecode.swift; path = UI_536Tests.swift; sourceTree = "<group>"; };
		47C9DD4F27FF233B00DC8633 /* UI-536UITests.xctest */ = {isa = PBXFileReference; explicitFileType = wrapper.cfbundle; includeInIndex = 0; path = "UI-536UITests.xctest"; sourceTree = BUILT_PRODUCTS_DIR; };
		47C9DD5327FF233B00DC8633 /* UI_536UITests.swift */ = {isa = PBXFileReference; lastKnownFileType = sourcecode.swift; path = UI_536UITests.swift; sourceTree = "<group>"; };
		47C9DD5527FF233B00DC8633 /* UI_536UITestsLaunchTests.swift */ = {isa = PBXFileReference; lastKnownFileType = sourcecode.swift; path = UI_536UITestsLaunchTests.swift; sourceTree = "<group>"; };
		47C9DD6327FF24B900DC8633 /* Trip.swift */ = {isa = PBXFileReference; lastKnownFileType = sourcecode.swift; path = Trip.swift; sourceTree = "<group>"; };
		47C9DD6627FF24CB00DC8633 /* Home.swift */ = {isa = PBXFileReference; lastKnownFileType = sourcecode.swift; path = Home.swift; sourceTree = "<group>"; };
/* End PBXFileReference section */

/* Begin PBXFrameworksBuildPhase section */
		47C9DD3227FF233900DC8633 /* Frameworks */ = {
			isa = PBXFrameworksBuildPhase;
			buildActionMask = 2147483647;
			files = (
			);
			runOnlyForDeploymentPostprocessing = 0;
		};
		47C9DD4227FF233B00DC8633 /* Frameworks */ = {
			isa = PBXFrameworksBuildPhase;
			buildActionMask = 2147483647;
			files = (
			);
			runOnlyForDeploymentPostprocessing = 0;
		};
		47C9DD4C27FF233B00DC8633 /* Frameworks */ = {
			isa = PBXFrameworksBuildPhase;
			buildActionMask = 2147483647;
			files = (
			);
			runOnlyForDeploymentPostprocessing = 0;
		};
/* End PBXFrameworksBuildPhase section */

/* Begin PBXGroup section */
		47C9DD2C27FF233900DC8633 = {
			isa = PBXGroup;
			children = (
				47C9DD3727FF233900DC8633 /* UI-536 */,
				47C9DD4827FF233B00DC8633 /* UI-536Tests */,
				47C9DD5227FF233B00DC8633 /* UI-536UITests */,
				47C9DD3627FF233900DC8633 /* Products */,
			);
			sourceTree = "<group>";
		};
		47C9DD3627FF233900DC8633 /* Products */ = {
			isa = PBXGroup;
			children = (
				47C9DD3527FF233900DC8633 /* UI-536.app */,
				47C9DD4527FF233B00DC8633 /* UI-536Tests.xctest */,
				47C9DD4F27FF233B00DC8633 /* UI-536UITests.xctest */,
			);
			name = Products;
			sourceTree = "<group>";
		};
		47C9DD3727FF233900DC8633 /* UI-536 */ = {
			isa = PBXGroup;
			children = (
				47C9DD6527FF24C500DC8633 /* View */,
				47C9DD6227FF24B000DC8633 /* Model */,
				47C9DD3827FF233900DC8633 /* UI_536App.swift */,
				47C9DD3A27FF233900DC8633 /* ContentView.swift */,
				47C9DD3C27FF233B00DC8633 /* Assets.xcassets */,
				47C9DD3E27FF233B00DC8633 /* Preview Content */,
			);
			path = "UI-536";
			sourceTree = "<group>";
		};
		47C9DD3E27FF233B00DC8633 /* Preview Content */ = {
			isa = PBXGroup;
			children = (
				47C9DD3F27FF233B00DC8633 /* Preview Assets.xcassets */,
			);
			path = "Preview Content";
			sourceTree = "<group>";
		};
		47C9DD4827FF233B00DC8633 /* UI-536Tests */ = {
			isa = PBXGroup;
			children = (
				47C9DD4927FF233B00DC8633 /* UI_536Tests.swift */,
			);
			path = "UI-536Tests";
			sourceTree = "<group>";
		};
		47C9DD5227FF233B00DC8633 /* UI-536UITests */ = {
			isa = PBXGroup;
			children = (
				47C9DD5327FF233B00DC8633 /* UI_536UITests.swift */,
				47C9DD5527FF233B00DC8633 /* UI_536UITestsLaunchTests.swift */,
			);
			path = "UI-536UITests";
			sourceTree = "<group>";
		};
		47C9DD6227FF24B000DC8633 /* Model */ = {
			isa = PBXGroup;
			children = (
				47C9DD6327FF24B900DC8633 /* Trip.swift */,
			);
			path = Model;
			sourceTree = "<group>";
		};
		47C9DD6527FF24C500DC8633 /* View */ = {
			isa = PBXGroup;
			children = (
				47C9DD6627FF24CB00DC8633 /* Home.swift */,
			);
			path = View;
			sourceTree = "<group>";
		};
/* End PBXGroup section */

/* Begin PBXNativeTarget section */
		47C9DD3427FF233900DC8633 /* UI-536 */ = {
			isa = PBXNativeTarget;
			buildConfigurationList = 47C9DD5927FF233B00DC8633 /* Build configuration list for PBXNativeTarget "UI-536" */;
			buildPhases = (
				47C9DD3127FF233900DC8633 /* Sources */,
				47C9DD3227FF233900DC8633 /* Frameworks */,
				47C9DD3327FF233900DC8633 /* Resources */,
			);
			buildRules = (
			);
			dependencies = (
			);
			name = "UI-536";
			productName = "UI-536";
			productReference = 47C9DD3527FF233900DC8633 /* UI-536.app */;
			productType = "com.apple.product-type.application";
		};
		47C9DD4427FF233B00DC8633 /* UI-536Tests */ = {
			isa = PBXNativeTarget;
			buildConfigurationList = 47C9DD5C27FF233B00DC8633 /* Build configuration list for PBXNativeTarget "UI-536Tests" */;
			buildPhases = (
				47C9DD4127FF233B00DC8633 /* Sources */,
				47C9DD4227FF233B00DC8633 /* Frameworks */,
				47C9DD4327FF233B00DC8633 /* Resources */,
			);
			buildRules = (
			);
			dependencies = (
				47C9DD4727FF233B00DC8633 /* PBXTargetDependency */,
			);
			name = "UI-536Tests";
			productName = "UI-536Tests";
			productReference = 47C9DD4527FF233B00DC8633 /* UI-536Tests.xctest */;
			productType = "com.apple.product-type.bundle.unit-test";
		};
		47C9DD4E27FF233B00DC8633 /* UI-536UITests */ = {
			isa = PBXNativeTarget;
			buildConfigurationList = 47C9DD5F27FF233B00DC8633 /* Build configuration list for PBXNativeTarget "UI-536UITests" */;
			buildPhases = (
				47C9DD4B27FF233B00DC8633 /* Sources */,
				47C9DD4C27FF233B00DC8633 /* Frameworks */,
				47C9DD4D27FF233B00DC8633 /* Resources */,
			);
			buildRules = (
			);
			dependencies = (
				47C9DD5127FF233B00DC8633 /* PBXTargetDependency */,
			);
			name = "UI-536UITests";
			productName = "UI-536UITests";
			productReference = 47C9DD4F27FF233B00DC8633 /* UI-536UITests.xctest */;
			productType = "com.apple.product-type.bundle.ui-testing";
		};
/* End PBXNativeTarget section */

/* Begin PBXProject section */
		47C9DD2D27FF233900DC8633 /* Project object */ = {
			isa = PBXProject;
			attributes = {
				BuildIndependentTargetsInParallel = 1;
				LastSwiftUpdateCheck = 1330;
				LastUpgradeCheck = 1330;
				TargetAttributes = {
					47C9DD3427FF233900DC8633 = {
						CreatedOnToolsVersion = 13.3;
					};
					47C9DD4427FF233B00DC8633 = {
						CreatedOnToolsVersion = 13.3;
						TestTargetID = 47C9DD3427FF233900DC8633;
					};
					47C9DD4E27FF233B00DC8633 = {
						CreatedOnToolsVersion = 13.3;
						TestTargetID = 47C9DD3427FF233900DC8633;
					};
				};
			};
			buildConfigurationList = 47C9DD3027FF233900DC8633 /* Build configuration list for PBXProject "UI-536" */;
			compatibilityVersion = "Xcode 13.0";
			developmentRegion = en;
			hasScannedForEncodings = 0;
			knownRegions = (
				en,
				Base,
			);
			mainGroup = 47C9DD2C27FF233900DC8633;
			productRefGroup = 47C9DD3627FF233900DC8633 /* Products */;
			projectDirPath = "";
			projectRoot = "";
			targets = (
				47C9DD3427FF233900DC8633 /* UI-536 */,
				47C9DD4427FF233B00DC8633 /* UI-536Tests */,
				47C9DD4E27FF233B00DC8633 /* UI-536UITests */,
			);
		};
/* End PBXProject section */

/* Begin PBXResourcesBuildPhase section */
		47C9DD3327FF233900DC8633 /* Resources */ = {
			isa = PBXResourcesBuildPhase;
			buildActionMask = 2147483647;
			files = (
				47C9DD4027FF233B00DC8633 /* Preview Assets.xcassets in Resources */,
				47C9DD3D27FF233B00DC8633 /* Assets.xcassets in Resources */,
			);
			runOnlyForDeploymentPostprocessing = 0;
		};
		47C9DD4327FF233B00DC8633 /* Resources */ = {
			isa = PBXResourcesBuildPhase;
			buildActionMask = 2147483647;
			files = (
			);
			runOnlyForDeploymentPostprocessing = 0;
		};
		47C9DD4D27FF233B00DC8633 /* Resources */ = {
			isa = PBXResourcesBuildPhase;
			buildActionMask = 2147483647;
			files = (
			);
			runOnlyForDeploymentPostprocessing = 0;
		};
/* End PBXResourcesBuildPhase section */

/* Begin PBXSourcesBuildPhase section */
		47C9DD3127FF233900DC8633 /* Sources */ = {
			isa = PBXSourcesBuildPhase;
			buildActionMask = 2147483647;
			files = (
				47C9DD6427FF24B900DC8633 /* Trip.swift in Sources */,
				47C9DD3B27FF233900DC8633 /* ContentView.swift in Sources */,
				47C9DD6727FF24CB00DC8633 /* Home.swift in Sources */,
				47C9DD3927FF233900DC8633 /* UI_536App.swift in Sources */,
			);
			runOnlyForDeploymentPostprocessing = 0;
		};
		47C9DD4127FF233B00DC8633 /* Sources */ = {
			isa = PBXSourcesBuildPhase;
			buildActionMask = 2147483647;
			files = (
				47C9DD4A27FF233B00DC8633 /* UI_536Tests.swift in Sources */,
			);
			runOnlyForDeploymentPostprocessing = 0;
		};
		47C9DD4B27FF233B00DC8633 /* Sources */ = {
			isa = PBXSourcesBuildPhase;
			buildActionMask = 2147483647;
			files = (
				47C9DD5427FF233B00DC8633 /* UI_536UITests.swift in Sources */,
				47C9DD5627FF233B00DC8633 /* UI_536UITestsLaunchTests.swift in Sources */,
			);
			runOnlyForDeploymentPostprocessing = 0;
		};
/* End PBXSourcesBuildPhase section */

/* Begin PBXTargetDependency section */
		47C9DD4727FF233B00DC8633 /* PBXTargetDependency */ = {
			isa = PBXTargetDependency;
			target = 47C9DD3427FF233900DC8633 /* UI-536 */;
			targetProxy = 47C9DD4627FF233B00DC8633 /* PBXContainerItemProxy */;
		};
		47C9DD5127FF233B00DC8633 /* PBXTargetDependency */ = {
			isa = PBXTargetDependency;
			target = 47C9DD3427FF233900DC8633 /* UI-536 */;
			targetProxy = 47C9DD5027FF233B00DC8633 /* PBXContainerItemProxy */;
		};
/* End PBXTargetDependency section */

/* Begin XCBuildConfiguration section */
		47C9DD5727FF233B00DC8633 /* Debug */ = {
			isa = XCBuildConfiguration;
			buildSettings = {
				ALWAYS_SEARCH_USER_PATHS = NO;
				CLANG_ANALYZER_NONNULL = YES;
				CLANG_ANALYZER_NUMBER_OBJECT_CONVERSION = YES_AGGRESSIVE;
				CLANG_CXX_LANGUAGE_STANDARD = "gnu++17";
				CLANG_ENABLE_MODULES = YES;
				CLANG_ENABLE_OBJC_ARC = YES;
				CLANG_ENABLE_OBJC_WEAK = YES;
				CLANG_WARN_BLOCK_CAPTURE_AUTORELEASING = YES;
				CLANG_WARN_BOOL_CONVERSION = YES;
				CLANG_WARN_COMMA = YES;
				CLANG_WARN_CONSTANT_CONVERSION = YES;
				CLANG_WARN_DEPRECATED_OBJC_IMPLEMENTATIONS = YES;
				CLANG_WARN_DIRECT_OBJC_ISA_USAGE = YES_ERROR;
				CLANG_WARN_DOCUMENTATION_COMMENTS = YES;
				CLANG_WARN_EMPTY_BODY = YES;
				CLANG_WARN_ENUM_CONVERSION = YES;
				CLANG_WARN_INFINITE_RECURSION = YES;
				CLANG_WARN_INT_CONVERSION = YES;
				CLANG_WARN_NON_LITERAL_NULL_CONVERSION = YES;
				CLANG_WARN_OBJC_IMPLICIT_RETAIN_SELF = YES;
				CLANG_WARN_OBJC_LITERAL_CONVERSION = YES;
				CLANG_WARN_OBJC_ROOT_CLASS = YES_ERROR;
				CLANG_WARN_QUOTED_INCLUDE_IN_FRAMEWORK_HEADER = YES;
				CLANG_WARN_RANGE_LOOP_ANALYSIS = YES;
				CLANG_WARN_STRICT_PROTOTYPES = YES;
				CLANG_WARN_SUSPICIOUS_MOVE = YES;
				CLANG_WARN_UNGUARDED_AVAILABILITY = YES_AGGRESSIVE;
				CLANG_WARN_UNREACHABLE_CODE = YES;
				CLANG_WARN__DUPLICATE_METHOD_MATCH = YES;
				COPY_PHASE_STRIP = NO;
				DEBUG_INFORMATION_FORMAT = dwarf;
				ENABLE_STRICT_OBJC_MSGSEND = YES;
				ENABLE_TESTABILITY = YES;
				GCC_C_LANGUAGE_STANDARD = gnu11;
				GCC_DYNAMIC_NO_PIC = NO;
				GCC_NO_COMMON_BLOCKS = YES;
				GCC_OPTIMIZATION_LEVEL = 0;
				GCC_PREPROCESSOR_DEFINITIONS = (
					"DEBUG=1",
					"$(inherited)",
				);
				GCC_WARN_64_TO_32_BIT_CONVERSION = YES;
				GCC_WARN_ABOUT_RETURN_TYPE = YES_ERROR;
				GCC_WARN_UNDECLARED_SELECTOR = YES;
				GCC_WARN_UNINITIALIZED_AUTOS = YES_AGGRESSIVE;
				GCC_WARN_UNUSED_FUNCTION = YES;
				GCC_WARN_UNUSED_VARIABLE = YES;
				IPHONEOS_DEPLOYMENT_TARGET = 15.4;
				MTL_ENABLE_DEBUG_INFO = INCLUDE_SOURCE;
				MTL_FAST_MATH = YES;
				ONLY_ACTIVE_ARCH = YES;
				SDKROOT = iphoneos;
				SWIFT_ACTIVE_COMPILATION_CONDITIONS = DEBUG;
				SWIFT_OPTIMIZATION_LEVEL = "-Onone";
			};
			name = Debug;
		};
		47C9DD5827FF233B00DC8633 /* Release */ = {
			isa = XCBuildConfiguration;
			buildSettings = {
				ALWAYS_SEARCH_USER_PATHS = NO;
				CLANG_ANALYZER_NONNULL = YES;
				CLANG_ANALYZER_NUMBER_OBJECT_CONVERSION = YES_AGGRESSIVE;
				CLANG_CXX_LANGUAGE_STANDARD = "gnu++17";
				CLANG_ENABLE_MODULES = YES;
				CLANG_ENABLE_OBJC_ARC = YES;
				CLANG_ENABLE_OBJC_WEAK = YES;
				CLANG_WARN_BLOCK_CAPTURE_AUTORELEASING = YES;
				CLANG_WARN_BOOL_CONVERSION = YES;
				CLANG_WARN_COMMA = YES;
				CLANG_WARN_CONSTANT_CONVERSION = YES;
				CLANG_WARN_DEPRECATED_OBJC_IMPLEMENTATIONS = YES;
				CLANG_WARN_DIRECT_OBJC_ISA_USAGE = YES_ERROR;
				CLANG_WARN_DOCUMENTATION_COMMENTS = YES;
				CLANG_WARN_EMPTY_BODY = YES;
				CLANG_WARN_ENUM_CONVERSION = YES;
				CLANG_WARN_INFINITE_RECURSION = YES;
				CLANG_WARN_INT_CONVERSION = YES;
				CLANG_WARN_NON_LITERAL_NULL_CONVERSION = YES;
				CLANG_WARN_OBJC_IMPLICIT_RETAIN_SELF = YES;
				CLANG_WARN_OBJC_LITERAL_CONVERSION = YES;
				CLANG_WARN_OBJC_ROOT_CLASS = YES_ERROR;
				CLANG_WARN_QUOTED_INCLUDE_IN_FRAMEWORK_HEADER = YES;
				CLANG_WARN_RANGE_LOOP_ANALYSIS = YES;
				CLANG_WARN_STRICT_PROTOTYPES = YES;
				CLANG_WARN_SUSPICIOUS_MOVE = YES;
				CLANG_WARN_UNGUARDED_AVAILABILITY = YES_AGGRESSIVE;
				CLANG_WARN_UNREACHABLE_CODE = YES;
				CLANG_WARN__DUPLICATE_METHOD_MATCH = YES;
				COPY_PHASE_STRIP = NO;
				DEBUG_INFORMATION_FORMAT = "dwarf-with-dsym";
				ENABLE_NS_ASSERTIONS = NO;
				ENABLE_STRICT_OBJC_MSGSEND = YES;
				GCC_C_LANGUAGE_STANDARD = gnu11;
				GCC_NO_COMMON_BLOCKS = YES;
				GCC_WARN_64_TO_32_BIT_CONVERSION = YES;
				GCC_WARN_ABOUT_RETURN_TYPE = YES_ERROR;
				GCC_WARN_UNDECLARED_SELECTOR = YES;
				GCC_WARN_UNINITIALIZED_AUTOS = YES_AGGRESSIVE;
				GCC_WARN_UNUSED_FUNCTION = YES;
				GCC_WARN_UNUSED_VARIABLE = YES;
				IPHONEOS_DEPLOYMENT_TARGET = 15.4;
				MTL_ENABLE_DEBUG_INFO = NO;
				MTL_FAST_MATH = YES;
				SDKROOT = iphoneos;
				SWIFT_COMPILATION_MODE = wholemodule;
				SWIFT_OPTIMIZATION_LEVEL = "-O";
				VALIDATE_PRODUCT = YES;
			};
			name = Release;
		};
		47C9DD5A27FF233B00DC8633 /* Debug */ = {
			isa = XCBuildConfiguration;
			buildSettings = {
				ASSETCATALOG_COMPILER_APPICON_NAME = AppIcon;
				ASSETCATALOG_COMPILER_GLOBAL_ACCENT_COLOR_NAME = AccentColor;
				CODE_SIGN_STYLE = Automatic;
				CURRENT_PROJECT_VERSION = 1;
				DEVELOPMENT_ASSET_PATHS = "\"UI-536/Preview Content\"";
				DEVELOPMENT_TEAM = 8CL4U468K5;
				ENABLE_PREVIEWS = YES;
				GENERATE_INFOPLIST_FILE = YES;
				INFOPLIST_KEY_UIApplicationSceneManifest_Generation = YES;
				INFOPLIST_KEY_UIApplicationSupportsIndirectInputEvents = YES;
				INFOPLIST_KEY_UILaunchScreen_Generation = YES;
				INFOPLIST_KEY_UISupportedInterfaceOrientations_iPad = "UIInterfaceOrientationPortrait UIInterfaceOrientationPortraitUpsideDown UIInterfaceOrientationLandscapeLeft UIInterfaceOrientationLandscapeRight";
				INFOPLIST_KEY_UISupportedInterfaceOrientations_iPhone = "UIInterfaceOrientationPortrait UIInterfaceOrientationLandscapeLeft UIInterfaceOrientationLandscapeRight";
				LD_RUNPATH_SEARCH_PATHS = (
					"$(inherited)",
					"@executable_path/Frameworks",
				);
				MARKETING_VERSION = 1.0;
				PRODUCT_BUNDLE_IDENTIFIER = "com.585.UI-536";
				PRODUCT_NAME = "$(TARGET_NAME)";
				SWIFT_EMIT_LOC_STRINGS = YES;
				SWIFT_VERSION = 5.0;
				TARGETED_DEVICE_FAMILY = "1,2";
			};
			name = Debug;
		};
		47C9DD5B27FF233B00DC8633 /* Release */ = {
			isa = XCBuildConfiguration;
			buildSettings = {
				ASSETCATALOG_COMPILER_APPICON_NAME = AppIcon;
				ASSETCATALOG_COMPILER_GLOBAL_ACCENT_COLOR_NAME = AccentColor;
				CODE_SIGN_STYLE = Automatic;
				CURRENT_PROJECT_VERSION = 1;
				DEVELOPMENT_ASSET_PATHS = "\"UI-536/Preview Content\"";
				DEVELOPMENT_TEAM = 8CL4U468K5;
				ENABLE_PREVIEWS = YES;
				GENERATE_INFOPLIST_FILE = YES;
				INFOPLIST_KEY_UIApplicationSceneManifest_Generation = YES;
				INFOPLIST_KEY_UIApplicationSupportsIndirectInputEvents = YES;
				INFOPLIST_KEY_UILaunchScreen_Generation = YES;
				INFOPLIST_KEY_UISupportedInterfaceOrientations_iPad = "UIInterfaceOrientationPortrait UIInterfaceOrientationPortraitUpsideDown UIInterfaceOrientationLandscapeLeft UIInterfaceOrientationLandscapeRight";
				INFOPLIST_KEY_UISupportedInterfaceOrientations_iPhone = "UIInterfaceOrientationPortrait UIInterfaceOrientationLandscapeLeft UIInterfaceOrientationLandscapeRight";
				LD_RUNPATH_SEARCH_PATHS = (
					"$(inherited)",
					"@executable_path/Frameworks",
				);
				MARKETING_VERSION = 1.0;
				PRODUCT_BUNDLE_IDENTIFIER = "com.585.UI-536";
				PRODUCT_NAME = "$(TARGET_NAME)";
				SWIFT_EMIT_LOC_STRINGS = YES;
				SWIFT_VERSION = 5.0;
				TARGETED_DEVICE_FAMILY = "1,2";
			};
			name = Release;
		};
		47C9DD5D27FF233B00DC8633 /* Debug */ = {
			isa = XCBuildConfiguration;
			buildSettings = {
				ALWAYS_EMBED_SWIFT_STANDARD_LIBRARIES = YES;
				BUNDLE_LOADER = "$(TEST_HOST)";
				CODE_SIGN_STYLE = Automatic;
				CURRENT_PROJECT_VERSION = 1;
				DEVELOPMENT_TEAM = 8CL4U468K5;
				GENERATE_INFOPLIST_FILE = YES;
				IPHONEOS_DEPLOYMENT_TARGET = 15.4;
				MARKETING_VERSION = 1.0;
				PRODUCT_BUNDLE_IDENTIFIER = "com.585.UI-536Tests";
				PRODUCT_NAME = "$(TARGET_NAME)";
				SWIFT_EMIT_LOC_STRINGS = NO;
				SWIFT_VERSION = 5.0;
				TARGETED_DEVICE_FAMILY = "1,2";
				TEST_HOST = "$(BUILT_PRODUCTS_DIR)/UI-536.app/UI-536";
			};
			name = Debug;
		};
		47C9DD5E27FF233B00DC8633 /* Release */ = {
			isa = XCBuildConfiguration;
			buildSettings = {
				ALWAYS_EMBED_SWIFT_STANDARD_LIBRARIES = YES;
				BUNDLE_LOADER = "$(TEST_HOST)";
				CODE_SIGN_STYLE = Automatic;
				CURRENT_PROJECT_VERSION = 1;
				DEVELOPMENT_TEAM = 8CL4U468K5;
				GENERATE_INFOPLIST_FILE = YES;
				IPHONEOS_DEPLOYMENT_TARGET = 15.4;
				MARKETING_VERSION = 1.0;
				PRODUCT_BUNDLE_IDENTIFIER = "com.585.UI-536Tests";
				PRODUCT_NAME = "$(TARGET_NAME)";
				SWIFT_EMIT_LOC_STRINGS = NO;
				SWIFT_VERSION = 5.0;
				TARGETED_DEVICE_FAMILY = "1,2";
				TEST_HOST = "$(BUILT_PRODUCTS_DIR)/UI-536.app/UI-536";
			};
			name = Release;
		};
		47C9DD6027FF233B00DC8633 /* Debug */ = {
			isa = XCBuildConfiguration;
			buildSettings = {
				ALWAYS_EMBED_SWIFT_STANDARD_LIBRARIES = YES;
				CODE_SIGN_STYLE = Automatic;
				CURRENT_PROJECT_VERSION = 1;
				DEVELOPMENT_TEAM = 8CL4U468K5;
				GENERATE_INFOPLIST_FILE = YES;
				MARKETING_VERSION = 1.0;
				PRODUCT_BUNDLE_IDENTIFIER = "com.585.UI-536UITests";
				PRODUCT_NAME = "$(TARGET_NAME)";
				SWIFT_EMIT_LOC_STRINGS = NO;
				SWIFT_VERSION = 5.0;
				TARGETED_DEVICE_FAMILY = "1,2";
				TEST_TARGET_NAME = "UI-536";
			};
			name = Debug;
		};
		47C9DD6127FF233B00DC8633 /* Release */ = {
			isa = XCBuildConfiguration;
			buildSettings = {
				ALWAYS_EMBED_SWIFT_STANDARD_LIBRARIES = YES;
				CODE_SIGN_STYLE = Automatic;
				CURRENT_PROJECT_VERSION = 1;
				DEVELOPMENT_TEAM = 8CL4U468K5;
				GENERATE_INFOPLIST_FILE = YES;
				MARKETING_VERSION = 1.0;
				PRODUCT_BUNDLE_IDENTIFIER = "com.585.UI-536UITests";
				PRODUCT_NAME = "$(TARGET_NAME)";
				SWIFT_EMIT_LOC_STRINGS = NO;
				SWIFT_VERSION = 5.0;
				TARGETED_DEVICE_FAMILY = "1,2";
				TEST_TARGET_NAME = "UI-536";
			};
			name = Release;
		};
/* End XCBuildConfiguration section */

/* Begin XCConfigurationList section */
		47C9DD3027FF233900DC8633 /* Build configuration list for PBXProject "UI-536" */ = {
			isa = XCConfigurationList;
			buildConfigurations = (
				47C9DD5727FF233B00DC8633 /* Debug */,
				47C9DD5827FF233B00DC8633 /* Release */,
			);
			defaultConfigurationIsVisible = 0;
			defaultConfigurationName = Release;
		};
		47C9DD5927FF233B00DC8633 /* Build configuration list for PBXNativeTarget "UI-536" */ = {
			isa = XCConfigurationList;
			buildConfigurations = (
				47C9DD5A27FF233B00DC8633 /* Debug */,
				47C9DD5B27FF233B00DC8633 /* Release */,
			);
			defaultConfigurationIsVisible = 0;
			defaultConfigurationName = Release;
		};
		47C9DD5C27FF233B00DC8633 /* Build configuration list for PBXNativeTarget "UI-536Tests" */ = {
			isa = XCConfigurationList;
			buildConfigurations = (
				47C9DD5D27FF233B00DC8633 /* Debug */,
				47C9DD5E27FF233B00DC8633 /* Release */,
			);
			defaultConfigurationIsVisible = 0;
			defaultConfigurationName = Release;
		};
		47C9DD5F27FF233B00DC8633 /* Build configuration list for PBXNativeTarget "UI-536UITests" */ = {
			isa = XCConfigurationList;
			buildConfigurations = (
				47C9DD6027FF233B00DC8633 /* Debug */,
				47C9DD6127FF233B00DC8633 /* Release */,
			);
			defaultConfigurationIsVisible = 0;
			defaultConfigurationName = Release;
		};
/* End XCConfigurationList section */
	};
	rootObject = 47C9DD2D27FF233900DC8633 /* Project object */;
}
